
Microsoft Visual Studio Solution File, Format Version 12.00
# Visual Studio Version 16
VisualStudioVersion = 16.0.30225.117
MinimumVisualStudioVersion = 10.0.40219.1
Project("{FAE04EC0-301F-11D3-BF4B-00C04F79EFBC}") = "Liron Library Class", "Liron Library Class\Liron Library Class.csproj", "{33C46AC6-F3CB-4602-B715-0B2F6B01A315}"
EndProject
Global
	GlobalSection(SolutionConfigurationPlatforms) = preSolution
		Debug|Any CPU = Debug|Any CPU
		Release|Any CPU = Release|Any CPU
	EndGlobalSection
	GlobalSection(ProjectConfigurationPlatforms) = postSolution
		{33C46AC6-F3CB-4602-B715-0B2F6B01A315}.Debug|Any CPU.ActiveCfg = Debug|Any CPU
		{33C46AC6-F3CB-4602-B715-0B2F6B01A315}.Debug|Any CPU.Build.0 = Debug|Any CPU
		{33C46AC6-F3CB-4602-B715-0B2F6B01A315}.Release|Any CPU.ActiveCfg = Release|Any CPU
		{33C46AC6-F3CB-4602-B715-0B2F6B01A315}.Release|Any CPU.Build.0 = Release|Any CPU
	EndGlobalSection
	GlobalSection(SolutionProperties) = preSolution
		HideSolutionNode = FALSE
	EndGlobalSection
	GlobalSection(ExtensibilityGlobals) = postSolution
		SolutionGuid = {D82ADFE9-E644-40B4-B21A-FA18E9F4AE16}
	EndGlobalSection
EndGlobal
